
Microsoft Visual Studio Solution File, Format Version 12.00
# Visual Studio Version 17
VisualStudioVersion = 17.4.33103.184
MinimumVisualStudioVersion = 10.0.40219.1
Project("{FAE04EC0-301F-11D3-BF4B-00C04F79EFBC}") = "iterator-pattern", "iterator-pattern\iterator-pattern.csproj", "{C9B447E6-5C99-4B11-A568-851DC1A382AF}"
EndProject
Global
	GlobalSection(SolutionConfigurationPlatforms) = preSolution
		Debug|Any CPU = Debug|Any CPU
		Release|Any CPU = Release|Any CPU
	EndGlobalSection
	GlobalSection(ProjectConfigurationPlatforms) = postSolution
		{C9B447E6-5C99-4B11-A568-851DC1A382AF}.Debug|Any CPU.ActiveCfg = Debug|Any CPU
		{C9B447E6-5C99-4B11-A568-851DC1A382AF}.Debug|Any CPU.Build.0 = Debug|Any CPU
		{C9B447E6-5C99-4B11-A568-851DC1A382AF}.Release|Any CPU.ActiveCfg = Release|Any CPU
		{C9B447E6-5C99-4B11-A568-851DC1A382AF}.Release|Any CPU.Build.0 = Release|Any CPU
	EndGlobalSection
	GlobalSection(SolutionProperties) = preSolution
		HideSolutionNode = FALSE
	EndGlobalSection
	GlobalSection(ExtensibilityGlobals) = postSolution
		SolutionGuid = {A1B02040-A869-4434-BBEA-FF336B9B3DC2}
	EndGlobalSection
EndGlobal
